
Microsoft Visual Studio Solution File, Format Version 12.00
# Visual Studio 15
VisualStudioVersion = 15.0.26730.15
MinimumVisualStudioVersion = 10.0.40219.1
Project("{FAE04EC0-301F-11D3-BF4B-00C04F79EFBC}") = "SmartRefridgerator", "SmartRefridgerator\SmartRefridgerator.csproj", "{6C2C233B-2920-43E9-8EA4-0A0828FBEA83}"
EndProject
Project("{FAE04EC0-301F-11D3-BF4B-00C04F79EFBC}") = "XUnitTestProject1", "XUnitTestProject1\XUnitTestProject1.csproj", "{7AE02ADB-D0CD-420A-BDCA-30A4CD44A4B7}"
EndProject
Global
	GlobalSection(SolutionConfigurationPlatforms) = preSolution
		Debug|Any CPU = Debug|Any CPU
		Release|Any CPU = Release|Any CPU
	EndGlobalSection
	GlobalSection(ProjectConfigurationPlatforms) = postSolution
		{6C2C233B-2920-43E9-8EA4-0A0828FBEA83}.Debug|Any CPU.ActiveCfg = Debug|Any CPU
		{6C2C233B-2920-43E9-8EA4-0A0828FBEA83}.Debug|Any CPU.Build.0 = Debug|Any CPU
		{6C2C233B-2920-43E9-8EA4-0A0828FBEA83}.Release|Any CPU.ActiveCfg = Release|Any CPU
		{6C2C233B-2920-43E9-8EA4-0A0828FBEA83}.Release|Any CPU.Build.0 = Release|Any CPU
		{7AE02ADB-D0CD-420A-BDCA-30A4CD44A4B7}.Debug|Any CPU.ActiveCfg = Debug|Any CPU
		{7AE02ADB-D0CD-420A-BDCA-30A4CD44A4B7}.Debug|Any CPU.Build.0 = Debug|Any CPU
		{7AE02ADB-D0CD-420A-BDCA-30A4CD44A4B7}.Release|Any CPU.ActiveCfg = Release|Any CPU
		{7AE02ADB-D0CD-420A-BDCA-30A4CD44A4B7}.Release|Any CPU.Build.0 = Release|Any CPU
	EndGlobalSection
	GlobalSection(SolutionProperties) = preSolution
		HideSolutionNode = FALSE
	EndGlobalSection
	GlobalSection(ExtensibilityGlobals) = postSolution
		SolutionGuid = {866FA972-8F8C-4DEF-B924-4D9184FA3636}
	EndGlobalSection
EndGlobal
